// !$*UTF8*$!
{
	archiveVersion = 1;
	classes = {
	};
	objectVersion = 46;
	objects = {

/* Begin PBXBuildFile section */
		9F0C1D297AACD0D0698253C2 /* Pods_devslopes_social.framework in Frameworks */ = {isa = PBXBuildFile; fileRef = A61B51E1E7C4909114F3A33B /* Pods_devslopes_social.framework */; };
		C87146D91D450A4C00630BF0 /* AppDelegate.swift in Sources */ = {isa = PBXBuildFile; fileRef = C87146D81D450A4C00630BF0 /* AppDelegate.swift */; };
		C87146DB1D450A4C00630BF0 /* SignInVC.swift in Sources */ = {isa = PBXBuildFile; fileRef = C87146DA1D450A4C00630BF0 /* SignInVC.swift */; };
		C87146DE1D450A4C00630BF0 /* Main.storyboard in Resources */ = {isa = PBXBuildFile; fileRef = C87146DC1D450A4C00630BF0 /* Main.storyboard */; };
		C87146E01D450A4C00630BF0 /* Assets.xcassets in Resources */ = {isa = PBXBuildFile; fileRef = C87146DF1D450A4C00630BF0 /* Assets.xcassets */; };
		C87146E31D450A4C00630BF0 /* LaunchScreen.storyboard in Resources */ = {isa = PBXBuildFile; fileRef = C87146E11D450A4C00630BF0 /* LaunchScreen.storyboard */; };
		C87146F01D45223000630BF0 /* FancyView.swift in Sources */ = {isa = PBXBuildFile; fileRef = C87146EF1D45223000630BF0 /* FancyView.swift */; };
		C87146F31D4522BC00630BF0 /* Constants.swift in Sources */ = {isa = PBXBuildFile; fileRef = C87146F21D4522BC00630BF0 /* Constants.swift */; };
		C87146F51D45249500630BF0 /* RoundBtn.swift in Sources */ = {isa = PBXBuildFile; fileRef = C87146F41D45249500630BF0 /* RoundBtn.swift */; };
		C87146F71D4527ED00630BF0 /* FancyField.swift in Sources */ = {isa = PBXBuildFile; fileRef = C87146F61D4527ED00630BF0 /* FancyField.swift */; };
		C87146FB1D452D7100630BF0 /* FancyBtn.swift in Sources */ = {isa = PBXBuildFile; fileRef = C87146FA1D452D7100630BF0 /* FancyBtn.swift */; };
		C89279B51D45BF82006CA11B /* Post.swift in Sources */ = {isa = PBXBuildFile; fileRef = C89279B41D45BF82006CA11B /* Post.swift */; };
		C8FE8B1A1D455CD700971757 /* FeedVC.swift in Sources */ = {isa = PBXBuildFile; fileRef = C8FE8B191D455CD700971757 /* FeedVC.swift */; };
		C8FE8B1C1D456C4800971757 /* CircleView.swift in Sources */ = {isa = PBXBuildFile; fileRef = C8FE8B1B1D456C4700971757 /* CircleView.swift */; };
		C8FE8B1E1D457CD600971757 /* PostCell.swift in Sources */ = {isa = PBXBuildFile; fileRef = C8FE8B1D1D457CD600971757 /* PostCell.swift */; };
		C8FE8B211D45939600971757 /* DataService.swift in Sources */ = {isa = PBXBuildFile; fileRef = C8FE8B201D45939600971757 /* DataService.swift */; };
/* End PBXBuildFile section */

/* Begin PBXFileReference section */
		99DFB80964EE0A7BFC5F3316 /* Pods-devslopes-social.release.xcconfig */ = {isa = PBXFileReference; includeInIndex = 1; lastKnownFileType = text.xcconfig; name = "Pods-devslopes-social.release.xcconfig"; path = "Pods/Target Support Files/Pods-devslopes-social/Pods-devslopes-social.release.xcconfig"; sourceTree = "<group>"; };
		A61B51E1E7C4909114F3A33B /* Pods_devslopes_social.framework */ = {isa = PBXFileReference; explicitFileType = wrapper.framework; includeInIndex = 0; path = Pods_devslopes_social.framework; sourceTree = BUILT_PRODUCTS_DIR; };
		C87146D51D450A4C00630BF0 /* devslopes-social.app */ = {isa = PBXFileReference; explicitFileType = wrapper.application; includeInIndex = 0; path = "devslopes-social.app"; sourceTree = BUILT_PRODUCTS_DIR; };
		C87146D81D450A4C00630BF0 /* AppDelegate.swift */ = {isa = PBXFileReference; lastKnownFileType = sourcecode.swift; path = AppDelegate.swift; sourceTree = "<group>"; };
		C87146DA1D450A4C00630BF0 /* SignInVC.swift */ = {isa = PBXFileReference; lastKnownFileType = sourcecode.swift; path = SignInVC.swift; sourceTree = "<group>"; };
		C87146DD1D450A4C00630BF0 /* Base */ = {isa = PBXFileReference; lastKnownFileType = file.storyboard; name = Base; path = Base.lproj/Main.storyboard; sourceTree = "<group>"; };
		C87146DF1D450A4C00630BF0 /* Assets.xcassets */ = {isa = PBXFileReference; lastKnownFileType = folder.assetcatalog; path = Assets.xcassets; sourceTree = "<group>"; };
		C87146E21D450A4C00630BF0 /* Base */ = {isa = PBXFileReference; lastKnownFileType = file.storyboard; name = Base; path = Base.lproj/LaunchScreen.storyboard; sourceTree = "<group>"; };
		C87146E41D450A4C00630BF0 /* Info.plist */ = {isa = PBXFileReference; lastKnownFileType = text.plist.xml; path = Info.plist; sourceTree = "<group>"; };
		C87146EF1D45223000630BF0 /* FancyView.swift */ = {isa = PBXFileReference; fileEncoding = 4; lastKnownFileType = sourcecode.swift; path = FancyView.swift; sourceTree = "<group>"; };
		C87146F21D4522BC00630BF0 /* Constants.swift */ = {isa = PBXFileReference; fileEncoding = 4; lastKnownFileType = sourcecode.swift; path = Constants.swift; sourceTree = "<group>"; };
		C87146F41D45249500630BF0 /* RoundBtn.swift */ = {isa = PBXFileReference; fileEncoding = 4; lastKnownFileType = sourcecode.swift; path = RoundBtn.swift; sourceTree = "<group>"; };
		C87146F61D4527ED00630BF0 /* FancyField.swift */ = {isa = PBXFileReference; fileEncoding = 4; lastKnownFileType = sourcecode.swift; path = FancyField.swift; sourceTree = "<group>"; };
		C87146FA1D452D7100630BF0 /* FancyBtn.swift */ = {isa = PBXFileReference; fileEncoding = 4; lastKnownFileType = sourcecode.swift; path = FancyBtn.swift; sourceTree = "<group>"; };
		C87146FC1D4547C700630BF0 /* devslopes-social.entitlements */ = {isa = PBXFileReference; lastKnownFileType = text.plist.entitlements; path = "devslopes-social.entitlements"; sourceTree = "<group>"; };
		C89279B41D45BF82006CA11B /* Post.swift */ = {isa = PBXFileReference; fileEncoding = 4; lastKnownFileType = sourcecode.swift; path = Post.swift; sourceTree = "<group>"; };
		C8FE8B191D455CD700971757 /* FeedVC.swift */ = {isa = PBXFileReference; fileEncoding = 4; lastKnownFileType = sourcecode.swift; path = FeedVC.swift; sourceTree = "<group>"; };
		C8FE8B1B1D456C4700971757 /* CircleView.swift */ = {isa = PBXFileReference; fileEncoding = 4; lastKnownFileType = sourcecode.swift; path = CircleView.swift; sourceTree = "<group>"; };
		C8FE8B1D1D457CD600971757 /* PostCell.swift */ = {isa = PBXFileReference; fileEncoding = 4; lastKnownFileType = sourcecode.swift; path = PostCell.swift; sourceTree = "<group>"; };
		C8FE8B201D45939600971757 /* DataService.swift */ = {isa = PBXFileReference; fileEncoding = 4; lastKnownFileType = sourcecode.swift; path = DataService.swift; sourceTree = "<group>"; };
		EC79102838B9AF9DE04D021A /* Pods-devslopes-social.debug.xcconfig */ = {isa = PBXFileReference; includeInIndex = 1; lastKnownFileType = text.xcconfig; name = "Pods-devslopes-social.debug.xcconfig"; path = "Pods/Target Support Files/Pods-devslopes-social/Pods-devslopes-social.debug.xcconfig"; sourceTree = "<group>"; };
/* End PBXFileReference section */

/* Begin PBXFrameworksBuildPhase section */
		C87146D21D450A4C00630BF0 /* Frameworks */ = {
			isa = PBXFrameworksBuildPhase;
			buildActionMask = 2147483647;
			files = (
				9F0C1D297AACD0D0698253C2 /* Pods_devslopes_social.framework in Frameworks */,
			);
			runOnlyForDeploymentPostprocessing = 0;
		};
/* End PBXFrameworksBuildPhase section */

/* Begin PBXGroup section */
		329D3140D9A0A3CD637E7CAC /* Pods */ = {
			isa = PBXGroup;
			children = (
				EC79102838B9AF9DE04D021A /* Pods-devslopes-social.debug.xcconfig */,
				99DFB80964EE0A7BFC5F3316 /* Pods-devslopes-social.release.xcconfig */,
			);
			name = Pods;
			sourceTree = "<group>";
		};
		5F18F256731123508EB037E5 /* Frameworks */ = {
			isa = PBXGroup;
			children = (
				A61B51E1E7C4909114F3A33B /* Pods_devslopes_social.framework */,
			);
			name = Frameworks;
			sourceTree = "<group>";
		};
		C87146CC1D450A4C00630BF0 = {
			isa = PBXGroup;
			children = (
				C87146D71D450A4C00630BF0 /* devslopes-social */,
				C87146D61D450A4C00630BF0 /* Products */,
				329D3140D9A0A3CD637E7CAC /* Pods */,
				5F18F256731123508EB037E5 /* Frameworks */,
			);
			sourceTree = "<group>";
		};
		C87146D61D450A4C00630BF0 /* Products */ = {
			isa = PBXGroup;
			children = (
				C87146D51D450A4C00630BF0 /* devslopes-social.app */,
			);
			name = Products;
			sourceTree = "<group>";
		};
		C87146D71D450A4C00630BF0 /* devslopes-social */ = {
			isa = PBXGroup;
			children = (
				C8FE8B1F1D45937A00971757 /* Services */,
				C87146FC1D4547C700630BF0 /* devslopes-social.entitlements */,
				C87146F11D4522AB00630BF0 /* Util */,
				C87146EC1D450CDB00630BF0 /* Model */,
				C87146EE1D450CE600630BF0 /* Controller */,
				C87146ED1D450CE100630BF0 /* View */,
				C87146D81D450A4C00630BF0 /* AppDelegate.swift */,
				C87146DC1D450A4C00630BF0 /* Main.storyboard */,
				C87146DF1D450A4C00630BF0 /* Assets.xcassets */,
				C87146E11D450A4C00630BF0 /* LaunchScreen.storyboard */,
				C87146E41D450A4C00630BF0 /* Info.plist */,
			);
			path = "devslopes-social";
			sourceTree = "<group>";
		};
		C87146EC1D450CDB00630BF0 /* Model */ = {
			isa = PBXGroup;
			children = (
				C89279B41D45BF82006CA11B /* Post.swift */,
			);
			name = Model;
			sourceTree = "<group>";
		};
		C87146ED1D450CE100630BF0 /* View */ = {
			isa = PBXGroup;
			children = (
				C87146EF1D45223000630BF0 /* FancyView.swift */,
				C87146F41D45249500630BF0 /* RoundBtn.swift */,
				C87146F61D4527ED00630BF0 /* FancyField.swift */,
				C87146FA1D452D7100630BF0 /* FancyBtn.swift */,
				C8FE8B1B1D456C4700971757 /* CircleView.swift */,
				C8FE8B1D1D457CD600971757 /* PostCell.swift */,
			);
			name = View;
			sourceTree = "<group>";
		};
		C87146EE1D450CE600630BF0 /* Controller */ = {
			isa = PBXGroup;
			children = (
				C87146DA1D450A4C00630BF0 /* SignInVC.swift */,
				C8FE8B191D455CD700971757 /* FeedVC.swift */,
			);
			name = Controller;
			sourceTree = "<group>";
		};
		C87146F11D4522AB00630BF0 /* Util */ = {
			isa = PBXGroup;
			children = (
				C87146F21D4522BC00630BF0 /* Constants.swift */,
			);
			name = Util;
			sourceTree = "<group>";
		};
		C8FE8B1F1D45937A00971757 /* Services */ = {
			isa = PBXGroup;
			children = (
				C8FE8B201D45939600971757 /* DataService.swift */,
			);
			name = Services;
			sourceTree = "<group>";
		};
/* End PBXGroup section */

/* Begin PBXNativeTarget section */
		C87146D41D450A4C00630BF0 /* devslopes-social */ = {
			isa = PBXNativeTarget;
			buildConfigurationList = C87146E71D450A4C00630BF0 /* Build configuration list for PBXNativeTarget "devslopes-social" */;
			buildPhases = (
				3614C62776FD279EC9BD0636 /* [CP] Check Pods Manifest.lock */,
				C87146D11D450A4C00630BF0 /* Sources */,
				C87146D21D450A4C00630BF0 /* Frameworks */,
				C87146D31D450A4C00630BF0 /* Resources */,
				C8F39897124DD861C979141A /* [CP] Embed Pods Frameworks */,
				B741333FF85F3A592396B949 /* [CP] Copy Pods Resources */,
			);
			buildRules = (
			);
			dependencies = (
			);
			name = "devslopes-social";
			productName = "devslopes-social";
			productReference = C87146D51D450A4C00630BF0 /* devslopes-social.app */;
			productType = "com.apple.product-type.application";
		};
/* End PBXNativeTarget section */

/* Begin PBXProject section */
		C87146CD1D450A4C00630BF0 /* Project object */ = {
			isa = PBXProject;
			attributes = {
				LastSwiftUpdateCheck = 0800;
				LastUpgradeCheck = 0800;
				ORGANIZATIONNAME = JustOneJess;
				TargetAttributes = {
					C87146D41D450A4C00630BF0 = {
						CreatedOnToolsVersion = 8.0;
						DevelopmentTeam = Q95N8J45EC;
						DevelopmentTeamName = "Michael Jessey";
						LastSwiftMigration = 0800;
						ProvisioningStyle = Automatic;
						SystemCapabilities = {
							com.apple.Keychain = {
								enabled = 1;
							};
						};
					};
				};
			};
			buildConfigurationList = C87146D01D450A4C00630BF0 /* Build configuration list for PBXProject "devslopes-social" */;
			compatibilityVersion = "Xcode 3.2";
			developmentRegion = English;
			hasScannedForEncodings = 0;
			knownRegions = (
				en,
				Base,
			);
			mainGroup = C87146CC1D450A4C00630BF0;
			productRefGroup = C87146D61D450A4C00630BF0 /* Products */;
			projectDirPath = "";
			projectRoot = "";
			targets = (
				C87146D41D450A4C00630BF0 /* devslopes-social */,
			);
		};
/* End PBXProject section */

/* Begin PBXResourcesBuildPhase section */
		C87146D31D450A4C00630BF0 /* Resources */ = {
			isa = PBXResourcesBuildPhase;
			buildActionMask = 2147483647;
			files = (
				C87146E31D450A4C00630BF0 /* LaunchScreen.storyboard in Resources */,
				C87146E01D450A4C00630BF0 /* Assets.xcassets in Resources */,
				C87146DE1D450A4C00630BF0 /* Main.storyboard in Resources */,
			);
			runOnlyForDeploymentPostprocessing = 0;
		};
/* End PBXResourcesBuildPhase section */

/* Begin PBXShellScriptBuildPhase section */
		3614C62776FD279EC9BD0636 /* [CP] Check Pods Manifest.lock */ = {
			isa = PBXShellScriptBuildPhase;
			buildActionMask = 2147483647;
			files = (
			);
			inputPaths = (
			);
			name = "[CP] Check Pods Manifest.lock";
			outputPaths = (
			);
			runOnlyForDeploymentPostprocessing = 0;
			shellPath = /bin/sh;
			shellScript = "diff \"${PODS_ROOT}/../Podfile.lock\" \"${PODS_ROOT}/Manifest.lock\" > /dev/null\nif [ $? != 0 ] ; then\n    # print error to STDERR\n    echo \"error: The sandbox is not in sync with the Podfile.lock. Run 'pod install' or update your CocoaPods installation.\" >&2\n    exit 1\nfi\n";
			showEnvVarsInLog = 0;
		};
		B741333FF85F3A592396B949 /* [CP] Copy Pods Resources */ = {
			isa = PBXShellScriptBuildPhase;
			buildActionMask = 2147483647;
			files = (
			);
			inputPaths = (
			);
			name = "[CP] Copy Pods Resources";
			outputPaths = (
			);
			runOnlyForDeploymentPostprocessing = 0;
			shellPath = /bin/sh;
			shellScript = "\"${SRCROOT}/Pods/Target Support Files/Pods-devslopes-social/Pods-devslopes-social-resources.sh\"\n";
			showEnvVarsInLog = 0;
		};
		C8F39897124DD861C979141A /* [CP] Embed Pods Frameworks */ = {
			isa = PBXShellScriptBuildPhase;
			buildActionMask = 2147483647;
			files = (
			);
			inputPaths = (
			);
			name = "[CP] Embed Pods Frameworks";
			outputPaths = (
			);
			runOnlyForDeploymentPostprocessing = 0;
			shellPath = /bin/sh;
			shellScript = "\"${SRCROOT}/Pods/Target Support Files/Pods-devslopes-social/Pods-devslopes-social-frameworks.sh\"\n";
			showEnvVarsInLog = 0;
		};
/* End PBXShellScriptBuildPhase section */

/* Begin PBXSourcesBuildPhase section */
		C87146D11D450A4C00630BF0 /* Sources */ = {
			isa = PBXSourcesBuildPhase;
			buildActionMask = 2147483647;
			files = (
				C8FE8B1C1D456C4800971757 /* CircleView.swift in Sources */,
				C87146F71D4527ED00630BF0 /* FancyField.swift in Sources */,
				C87146DB1D450A4C00630BF0 /* SignInVC.swift in Sources */,
				C89279B51D45BF82006CA11B /* Post.swift in Sources */,
				C87146F51D45249500630BF0 /* RoundBtn.swift in Sources */,
				C87146D91D450A4C00630BF0 /* AppDelegate.swift in Sources */,
				C8FE8B211D45939600971757 /* DataService.swift in Sources */,
				C8FE8B1A1D455CD700971757 /* FeedVC.swift in Sources */,
				C87146F01D45223000630BF0 /* FancyView.swift in Sources */,
				C87146F31D4522BC00630BF0 /* Constants.swift in Sources */,
				C87146FB1D452D7100630BF0 /* FancyBtn.swift in Sources */,
				C8FE8B1E1D457CD600971757 /* PostCell.swift in Sources */,
			);
			runOnlyForDeploymentPostprocessing = 0;
		};
/* End PBXSourcesBuildPhase section */

/* Begin PBXVariantGroup section */
		C87146DC1D450A4C00630BF0 /* Main.storyboard */ = {
			isa = PBXVariantGroup;
			children = (
				C87146DD1D450A4C00630BF0 /* Base */,
			);
			name = Main.storyboard;
			sourceTree = "<group>";
		};
		C87146E11D450A4C00630BF0 /* LaunchScreen.storyboard */ = {
			isa = PBXVariantGroup;
			children = (
				C87146E21D450A4C00630BF0 /* Base */,
			);
			name = LaunchScreen.storyboard;
			sourceTree = "<group>";
		};
/* End PBXVariantGroup section */

/* Begin XCBuildConfiguration section */
		C87146E51D450A4C00630BF0 /* Debug */ = {
			isa = XCBuildConfiguration;
			buildSettings = {
				ALWAYS_SEARCH_USER_PATHS = NO;
				CLANG_ANALYZER_NONNULL = YES;
				CLANG_CXX_LANGUAGE_STANDARD = "gnu++0x";
				CLANG_CXX_LIBRARY = "libc++";
				CLANG_ENABLE_MODULES = YES;
				CLANG_ENABLE_OBJC_ARC = YES;
				CLANG_WARN_BOOL_CONVERSION = YES;
				CLANG_WARN_CONSTANT_CONVERSION = YES;
				CLANG_WARN_DIRECT_OBJC_ISA_USAGE = YES_ERROR;
				CLANG_WARN_DOCUMENTATION_COMMENTS = YES;
				CLANG_WARN_EMPTY_BODY = YES;
				CLANG_WARN_ENUM_CONVERSION = YES;
				CLANG_WARN_INT_CONVERSION = YES;
				CLANG_WARN_OBJC_ROOT_CLASS = YES_ERROR;
				CLANG_WARN_UNREACHABLE_CODE = YES;
				CLANG_WARN__DUPLICATE_METHOD_MATCH = YES;
				"CODE_SIGN_IDENTITY[sdk=iphoneos*]" = "iPhone Developer";
				COPY_PHASE_STRIP = NO;
				DEBUG_INFORMATION_FORMAT = dwarf;
				ENABLE_STRICT_OBJC_MSGSEND = YES;
				ENABLE_TESTABILITY = YES;
				GCC_C_LANGUAGE_STANDARD = gnu99;
				GCC_DYNAMIC_NO_PIC = NO;
				GCC_NO_COMMON_BLOCKS = YES;
				GCC_OPTIMIZATION_LEVEL = 0;
				GCC_PREPROCESSOR_DEFINITIONS = (
					"DEBUG=1",
					"$(inherited)",
				);
				GCC_WARN_64_TO_32_BIT_CONVERSION = YES;
				GCC_WARN_ABOUT_RETURN_TYPE = YES_ERROR;
				GCC_WARN_UNDECLARED_SELECTOR = YES;
				GCC_WARN_UNINITIALIZED_AUTOS = YES_AGGRESSIVE;
				GCC_WARN_UNUSED_FUNCTION = YES;
				GCC_WARN_UNUSED_VARIABLE = YES;
				IPHONEOS_DEPLOYMENT_TARGET = 10.0;
				MTL_ENABLE_DEBUG_INFO = YES;
				ONLY_ACTIVE_ARCH = YES;
				SDKROOT = iphoneos;
				SWIFT_ACTIVE_COMPILATION_CONDITIONS = DEBUG;
				SWIFT_OPTIMIZATION_LEVEL = "-Onone";
				TARGETED_DEVICE_FAMILY = "1,2";
			};
			name = Debug;
		};
		C87146E61D450A4C00630BF0 /* Release */ = {
			isa = XCBuildConfiguration;
			buildSettings = {
				ALWAYS_SEARCH_USER_PATHS = NO;
				CLANG_ANALYZER_NONNULL = YES;
				CLANG_CXX_LANGUAGE_STANDARD = "gnu++0x";
				CLANG_CXX_LIBRARY = "libc++";
				CLANG_ENABLE_MODULES = YES;
				CLANG_ENABLE_OBJC_ARC = YES;
				CLANG_WARN_BOOL_CONVERSION = YES;
				CLANG_WARN_CONSTANT_CONVERSION = YES;
				CLANG_WARN_DIRECT_OBJC_ISA_USAGE = YES_ERROR;
				CLANG_WARN_DOCUMENTATION_COMMENTS = YES;
				CLANG_WARN_EMPTY_BODY = YES;
				CLANG_WARN_ENUM_CONVERSION = YES;
				CLANG_WARN_INT_CONVERSION = YES;
				CLANG_WARN_OBJC_ROOT_CLASS = YES_ERROR;
				CLANG_WARN_UNREACHABLE_CODE = YES;
				CLANG_WARN__DUPLICATE_METHOD_MATCH = YES;
				"CODE_SIGN_IDENTITY[sdk=iphoneos*]" = "iPhone Developer";
				COPY_PHASE_STRIP = NO;
				DEBUG_INFORMATION_FORMAT = "dwarf-with-dsym";
				ENABLE_NS_ASSERTIONS = NO;
				ENABLE_STRICT_OBJC_MSGSEND = YES;
				GCC_C_LANGUAGE_STANDARD = gnu99;
				GCC_NO_COMMON_BLOCKS = YES;
				GCC_WARN_64_TO_32_BIT_CONVERSION = YES;
				GCC_WARN_ABOUT_RETURN_TYPE = YES_ERROR;
				GCC_WARN_UNDECLARED_SELECTOR = YES;
				GCC_WARN_UNINITIALIZED_AUTOS = YES_AGGRESSIVE;
				GCC_WARN_UNUSED_FUNCTION = YES;
				GCC_WARN_UNUSED_VARIABLE = YES;
				IPHONEOS_DEPLOYMENT_TARGET = 10.0;
				MTL_ENABLE_DEBUG_INFO = NO;
				SDKROOT = iphoneos;
				SWIFT_OPTIMIZATION_LEVEL = "-Owholemodule";
				TARGETED_DEVICE_FAMILY = "1,2";
				VALIDATE_PRODUCT = YES;
			};
			name = Release;
		};
		C87146E81D450A4C00630BF0 /* Debug */ = {
			isa = XCBuildConfiguration;
			baseConfigurationReference = EC79102838B9AF9DE04D021A /* Pods-devslopes-social.debug.xcconfig */;
			buildSettings = {
				ASSETCATALOG_COMPILER_APPICON_NAME = AppIcon;
				CODE_SIGN_ENTITLEMENTS = "devslopes-social/devslopes-social.entitlements";
				DEVELOPMENT_TEAM = Q95N8J45EC;
				INFOPLIST_FILE = "devslopes-social/Info.plist";
				LD_RUNPATH_SEARCH_PATHS = "$(inherited) @executable_path/Frameworks";
				PRODUCT_BUNDLE_IDENTIFIER = "com.justonejess.devslopes-social";
				PRODUCT_NAME = "$(TARGET_NAME)";
				SWIFT_VERSION = 3.0;
			};
			name = Debug;
		};
		C87146E91D450A4C00630BF0 /* Release */ = {
			isa = XCBuildConfiguration;
			baseConfigurationReference = 99DFB80964EE0A7BFC5F3316 /* Pods-devslopes-social.release.xcconfig */;
			buildSettings = {
				ASSETCATALOG_COMPILER_APPICON_NAME = AppIcon;
				CODE_SIGN_ENTITLEMENTS = "devslopes-social/devslopes-social.entitlements";
				DEVELOPMENT_TEAM = Q95N8J45EC;
				INFOPLIST_FILE = "devslopes-social/Info.plist";
				LD_RUNPATH_SEARCH_PATHS = "$(inherited) @executable_path/Frameworks";
				PRODUCT_BUNDLE_IDENTIFIER = "com.justonejess.devslopes-social";
				PRODUCT_NAME = "$(TARGET_NAME)";
				SWIFT_VERSION = 3.0;
			};
			name = Release;
		};
/* End XCBuildConfiguration section */

/* Begin XCConfigurationList section */
		C87146D01D450A4C00630BF0 /* Build configuration list for PBXProject "devslopes-social" */ = {
			isa = XCConfigurationList;
			buildConfigurations = (
				C87146E51D450A4C00630BF0 /* Debug */,
				C87146E61D450A4C00630BF0 /* Release */,
			);
			defaultConfigurationIsVisible = 0;
			defaultConfigurationName = Release;
		};
		C87146E71D450A4C00630BF0 /* Build configuration list for PBXNativeTarget "devslopes-social" */ = {
			isa = XCConfigurationList;
			buildConfigurations = (
				C87146E81D450A4C00630BF0 /* Debug */,
				C87146E91D450A4C00630BF0 /* Release */,
			);
			defaultConfigurationIsVisible = 0;
			defaultConfigurationName = Release;
		};
/* End XCConfigurationList section */
	};
	rootObject = C87146CD1D450A4C00630BF0 /* Project object */;
}
