// !$*UTF8*$!
{
	archiveVersion = 1;
	classes = {
	};
	objectVersion = 46;
	objects = {

/* Begin PBXBuildFile section */
		8D32381E20803C8700216DF6 /* AppDelegate.swift in Sources */ = {isa = PBXBuildFile; fileRef = 8D32381D20803C8700216DF6 /* AppDelegate.swift */; };
		8D32382020803C8700216DF6 /* SignInVC.swift in Sources */ = {isa = PBXBuildFile; fileRef = 8D32381F20803C8700216DF6 /* SignInVC.swift */; };
		8D32382320803C8700216DF6 /* Main.storyboard in Resources */ = {isa = PBXBuildFile; fileRef = 8D32382120803C8700216DF6 /* Main.storyboard */; };
		8D32382620803C8700216DF6 /* FirebaseBackend.xcdatamodeld in Sources */ = {isa = PBXBuildFile; fileRef = 8D32382420803C8700216DF6 /* FirebaseBackend.xcdatamodeld */; };
		8D32382820803C8700216DF6 /* Assets.xcassets in Resources */ = {isa = PBXBuildFile; fileRef = 8D32382720803C8700216DF6 /* Assets.xcassets */; };
		8D32382B20803C8700216DF6 /* LaunchScreen.storyboard in Resources */ = {isa = PBXBuildFile; fileRef = 8D32382920803C8700216DF6 /* LaunchScreen.storyboard */; };
		8D35A1B220897F4500848D76 /* FancyView.swift in Sources */ = {isa = PBXBuildFile; fileRef = 8D35A1B120897F4500848D76 /* FancyView.swift */; };
		8D35A1B52089804700848D76 /* Constants.swift in Sources */ = {isa = PBXBuildFile; fileRef = 8D35A1B42089804700848D76 /* Constants.swift */; };
		8D8ACFC32080441800AAAA6C /* GoogleService-Info.plist in Resources */ = {isa = PBXBuildFile; fileRef = 8D8ACFC22080441800AAAA6C /* GoogleService-Info.plist */; };
		CAF318C20E4178EC273EE97B /* Pods_FirebaseBackend.framework in Frameworks */ = {isa = PBXBuildFile; fileRef = 24FB941B0278F709D2116373 /* Pods_FirebaseBackend.framework */; };
/* End PBXBuildFile section */

/* Begin PBXFileReference section */
		24FB941B0278F709D2116373 /* Pods_FirebaseBackend.framework */ = {isa = PBXFileReference; explicitFileType = wrapper.framework; includeInIndex = 0; path = Pods_FirebaseBackend.framework; sourceTree = BUILT_PRODUCTS_DIR; };
		8B15EBA853DF9879B58CDD11 /* Pods-FirebaseBackend.debug.xcconfig */ = {isa = PBXFileReference; includeInIndex = 1; lastKnownFileType = text.xcconfig; name = "Pods-FirebaseBackend.debug.xcconfig"; path = "Pods/Target Support Files/Pods-FirebaseBackend/Pods-FirebaseBackend.debug.xcconfig"; sourceTree = "<group>"; };
		8D32381A20803C8700216DF6 /* FirebaseBackend.app */ = {isa = PBXFileReference; explicitFileType = wrapper.application; includeInIndex = 0; path = FirebaseBackend.app; sourceTree = BUILT_PRODUCTS_DIR; };
		8D32381D20803C8700216DF6 /* AppDelegate.swift */ = {isa = PBXFileReference; lastKnownFileType = sourcecode.swift; path = AppDelegate.swift; sourceTree = "<group>"; };
		8D32381F20803C8700216DF6 /* SignInVC.swift */ = {isa = PBXFileReference; lastKnownFileType = sourcecode.swift; path = SignInVC.swift; sourceTree = "<group>"; };
		8D32382220803C8700216DF6 /* Base */ = {isa = PBXFileReference; lastKnownFileType = file.storyboard; name = Base; path = Base.lproj/Main.storyboard; sourceTree = "<group>"; };
		8D32382520803C8700216DF6 /* FirebaseBackend.xcdatamodel */ = {isa = PBXFileReference; lastKnownFileType = wrapper.xcdatamodel; path = FirebaseBackend.xcdatamodel; sourceTree = "<group>"; };
		8D32382720803C8700216DF6 /* Assets.xcassets */ = {isa = PBXFileReference; lastKnownFileType = folder.assetcatalog; path = Assets.xcassets; sourceTree = "<group>"; };
		8D32382A20803C8700216DF6 /* Base */ = {isa = PBXFileReference; lastKnownFileType = file.storyboard; name = Base; path = Base.lproj/LaunchScreen.storyboard; sourceTree = "<group>"; };
		8D32382C20803C8700216DF6 /* Info.plist */ = {isa = PBXFileReference; lastKnownFileType = text.plist.xml; path = Info.plist; sourceTree = "<group>"; };
		8D35A1B120897F4500848D76 /* FancyView.swift */ = {isa = PBXFileReference; fileEncoding = 4; lastKnownFileType = sourcecode.swift; path = FancyView.swift; sourceTree = "<group>"; };
		8D35A1B42089804700848D76 /* Constants.swift */ = {isa = PBXFileReference; fileEncoding = 4; lastKnownFileType = sourcecode.swift; path = Constants.swift; sourceTree = "<group>"; };
		8D8ACFC22080441800AAAA6C /* GoogleService-Info.plist */ = {isa = PBXFileReference; fileEncoding = 4; lastKnownFileType = text.plist.xml; path = "GoogleService-Info.plist"; sourceTree = "<group>"; };
		BBE1E4C72EB6E5230E47B0D0 /* Pods-FirebaseBackend.release.xcconfig */ = {isa = PBXFileReference; includeInIndex = 1; lastKnownFileType = text.xcconfig; name = "Pods-FirebaseBackend.release.xcconfig"; path = "Pods/Target Support Files/Pods-FirebaseBackend/Pods-FirebaseBackend.release.xcconfig"; sourceTree = "<group>"; };
/* End PBXFileReference section */

/* Begin PBXFrameworksBuildPhase section */
		8D32381720803C8700216DF6 /* Frameworks */ = {
			isa = PBXFrameworksBuildPhase;
			buildActionMask = 2147483647;
			files = (
				CAF318C20E4178EC273EE97B /* Pods_FirebaseBackend.framework in Frameworks */,
			);
			runOnlyForDeploymentPostprocessing = 0;
		};
/* End PBXFrameworksBuildPhase section */

/* Begin PBXGroup section */
		8D32381120803C8700216DF6 = {
			isa = PBXGroup;
			children = (
				8D32381C20803C8700216DF6 /* FirebaseBackend */,
				8D32381B20803C8700216DF6 /* Products */,
				A26C55AF66F364F432369BB0 /* Pods */,
				E4C640152C97A4E2145107F1 /* Frameworks */,
			);
			sourceTree = "<group>";
		};
		8D32381B20803C8700216DF6 /* Products */ = {
			isa = PBXGroup;
			children = (
				8D32381A20803C8700216DF6 /* FirebaseBackend.app */,
			);
			name = Products;
			sourceTree = "<group>";
		};
		8D32381C20803C8700216DF6 /* FirebaseBackend */ = {
			isa = PBXGroup;
			children = (
				8D35A1B32089803600848D76 /* Util */,
				8D8ACFC62080460800AAAA6C /* Controller */,
				8D8ACFC52080460100AAAA6C /* View */,
				8D8ACFC4208045FA00AAAA6C /* Model */,
				8D8ACFC22080441800AAAA6C /* GoogleService-Info.plist */,
				8D32381D20803C8700216DF6 /* AppDelegate.swift */,
				8D32382120803C8700216DF6 /* Main.storyboard */,
				8D32382720803C8700216DF6 /* Assets.xcassets */,
				8D32382920803C8700216DF6 /* LaunchScreen.storyboard */,
				8D32382C20803C8700216DF6 /* Info.plist */,
				8D32382420803C8700216DF6 /* FirebaseBackend.xcdatamodeld */,
			);
			path = FirebaseBackend;
			sourceTree = "<group>";
		};
		8D35A1B32089803600848D76 /* Util */ = {
			isa = PBXGroup;
			children = (
				8D35A1B42089804700848D76 /* Constants.swift */,
			);
			name = Util;
			sourceTree = "<group>";
		};
		8D8ACFC4208045FA00AAAA6C /* Model */ = {
			isa = PBXGroup;
			children = (
			);
			name = Model;
			sourceTree = "<group>";
		};
		8D8ACFC52080460100AAAA6C /* View */ = {
			isa = PBXGroup;
			children = (
				8D35A1B120897F4500848D76 /* FancyView.swift */,
			);
			name = View;
			sourceTree = "<group>";
		};
		8D8ACFC62080460800AAAA6C /* Controller */ = {
			isa = PBXGroup;
			children = (
				8D32381F20803C8700216DF6 /* SignInVC.swift */,
			);
			name = Controller;
			sourceTree = "<group>";
		};
		A26C55AF66F364F432369BB0 /* Pods */ = {
			isa = PBXGroup;
			children = (
				8B15EBA853DF9879B58CDD11 /* Pods-FirebaseBackend.debug.xcconfig */,
				BBE1E4C72EB6E5230E47B0D0 /* Pods-FirebaseBackend.release.xcconfig */,
			);
			name = Pods;
			sourceTree = "<group>";
		};
		E4C640152C97A4E2145107F1 /* Frameworks */ = {
			isa = PBXGroup;
			children = (
				24FB941B0278F709D2116373 /* Pods_FirebaseBackend.framework */,
			);
			name = Frameworks;
			sourceTree = "<group>";
		};
/* End PBXGroup section */

/* Begin PBXNativeTarget section */
		8D32381920803C8700216DF6 /* FirebaseBackend */ = {
			isa = PBXNativeTarget;
			buildConfigurationList = 8D32382F20803C8700216DF6 /* Build configuration list for PBXNativeTarget "FirebaseBackend" */;
			buildPhases = (
				30EB918E6B14A4B854BD5626 /* [CP] Check Pods Manifest.lock */,
				8D32381620803C8700216DF6 /* Sources */,
				8D32381720803C8700216DF6 /* Frameworks */,
				8D32381820803C8700216DF6 /* Resources */,
				7C19365277643FAF96A4437D /* [CP] Embed Pods Frameworks */,
				DDBA2C97C6D2968AFCBC5530 /* [CP] Copy Pods Resources */,
			);
			buildRules = (
			);
			dependencies = (
			);
			name = FirebaseBackend;
			productName = FirebaseBackend;
			productReference = 8D32381A20803C8700216DF6 /* FirebaseBackend.app */;
			productType = "com.apple.product-type.application";
		};
/* End PBXNativeTarget section */

/* Begin PBXProject section */
		8D32381220803C8700216DF6 /* Project object */ = {
			isa = PBXProject;
			attributes = {
				LastSwiftUpdateCheck = 0830;
				LastUpgradeCheck = 0830;
				ORGANIZATIONNAME = VApp;
				TargetAttributes = {
					8D32381920803C8700216DF6 = {
						CreatedOnToolsVersion = 8.3.3;
						DevelopmentTeam = SM3VK3R3P6;
						ProvisioningStyle = Automatic;
					};
				};
			};
			buildConfigurationList = 8D32381520803C8700216DF6 /* Build configuration list for PBXProject "FirebaseBackend" */;
			compatibilityVersion = "Xcode 3.2";
			developmentRegion = English;
			hasScannedForEncodings = 0;
			knownRegions = (
				en,
				Base,
			);
			mainGroup = 8D32381120803C8700216DF6;
			productRefGroup = 8D32381B20803C8700216DF6 /* Products */;
			projectDirPath = "";
			projectRoot = "";
			targets = (
				8D32381920803C8700216DF6 /* FirebaseBackend */,
			);
		};
/* End PBXProject section */

/* Begin PBXResourcesBuildPhase section */
		8D32381820803C8700216DF6 /* Resources */ = {
			isa = PBXResourcesBuildPhase;
			buildActionMask = 2147483647;
			files = (
				8D32382B20803C8700216DF6 /* LaunchScreen.storyboard in Resources */,
				8D8ACFC32080441800AAAA6C /* GoogleService-Info.plist in Resources */,
				8D32382820803C8700216DF6 /* Assets.xcassets in Resources */,
				8D32382320803C8700216DF6 /* Main.storyboard in Resources */,
			);
			runOnlyForDeploymentPostprocessing = 0;
		};
/* End PBXResourcesBuildPhase section */

/* Begin PBXShellScriptBuildPhase section */
		30EB918E6B14A4B854BD5626 /* [CP] Check Pods Manifest.lock */ = {
			isa = PBXShellScriptBuildPhase;
			buildActionMask = 2147483647;
			files = (
			);
			inputPaths = (
				"${PODS_PODFILE_DIR_PATH}/Podfile.lock",
				"${PODS_ROOT}/Manifest.lock",
			);
			name = "[CP] Check Pods Manifest.lock";
			outputPaths = (
				"$(DERIVED_FILE_DIR)/Pods-FirebaseBackend-checkManifestLockResult.txt",
			);
			runOnlyForDeploymentPostprocessing = 0;
			shellPath = /bin/sh;
			shellScript = "diff \"${PODS_PODFILE_DIR_PATH}/Podfile.lock\" \"${PODS_ROOT}/Manifest.lock\" > /dev/null\nif [ $? != 0 ] ; then\n    # print error to STDERR\n    echo \"error: The sandbox is not in sync with the Podfile.lock. Run 'pod install' or update your CocoaPods installation.\" >&2\n    exit 1\nfi\n# This output is used by Xcode 'outputs' to avoid re-running this script phase.\necho \"SUCCESS\" > \"${SCRIPT_OUTPUT_FILE_0}\"\n";
			showEnvVarsInLog = 0;
		};
		7C19365277643FAF96A4437D /* [CP] Embed Pods Frameworks */ = {
			isa = PBXShellScriptBuildPhase;
			buildActionMask = 2147483647;
			files = (
			);
			inputPaths = (
				"${SRCROOT}/Pods/Target Support Files/Pods-FirebaseBackend/Pods-FirebaseBackend-frameworks.sh",
				"${BUILT_PRODUCTS_DIR}/GTMSessionFetcher/GTMSessionFetcher.framework",
				"${BUILT_PRODUCTS_DIR}/GoogleToolboxForMac/GoogleToolboxForMac.framework",
				"${BUILT_PRODUCTS_DIR}/leveldb-library/leveldb.framework",
				"${BUILT_PRODUCTS_DIR}/nanopb/nanopb.framework",
			);
			name = "[CP] Embed Pods Frameworks";
			outputPaths = (
				"${TARGET_BUILD_DIR}/${FRAMEWORKS_FOLDER_PATH}/GTMSessionFetcher.framework",
				"${TARGET_BUILD_DIR}/${FRAMEWORKS_FOLDER_PATH}/GoogleToolboxForMac.framework",
				"${TARGET_BUILD_DIR}/${FRAMEWORKS_FOLDER_PATH}/leveldb.framework",
				"${TARGET_BUILD_DIR}/${FRAMEWORKS_FOLDER_PATH}/nanopb.framework",
			);
			runOnlyForDeploymentPostprocessing = 0;
			shellPath = /bin/sh;
			shellScript = "\"${SRCROOT}/Pods/Target Support Files/Pods-FirebaseBackend/Pods-FirebaseBackend-frameworks.sh\"\n";
			showEnvVarsInLog = 0;
		};
		DDBA2C97C6D2968AFCBC5530 /* [CP] Copy Pods Resources */ = {
			isa = PBXShellScriptBuildPhase;
			buildActionMask = 2147483647;
			files = (
			);
			inputPaths = (
			);
			name = "[CP] Copy Pods Resources";
			outputPaths = (
			);
			runOnlyForDeploymentPostprocessing = 0;
			shellPath = /bin/sh;
			shellScript = "\"${SRCROOT}/Pods/Target Support Files/Pods-FirebaseBackend/Pods-FirebaseBackend-resources.sh\"\n";
			showEnvVarsInLog = 0;
		};
/* End PBXShellScriptBuildPhase section */

/* Begin PBXSourcesBuildPhase section */
		8D32381620803C8700216DF6 /* Sources */ = {
			isa = PBXSourcesBuildPhase;
			buildActionMask = 2147483647;
			files = (
				8D35A1B52089804700848D76 /* Constants.swift in Sources */,
				8D32382620803C8700216DF6 /* FirebaseBackend.xcdatamodeld in Sources */,
				8D32382020803C8700216DF6 /* SignInVC.swift in Sources */,
				8D35A1B220897F4500848D76 /* FancyView.swift in Sources */,
				8D32381E20803C8700216DF6 /* AppDelegate.swift in Sources */,
			);
			runOnlyForDeploymentPostprocessing = 0;
		};
/* End PBXSourcesBuildPhase section */

/* Begin PBXVariantGroup section */
		8D32382120803C8700216DF6 /* Main.storyboard */ = {
			isa = PBXVariantGroup;
			children = (
				8D32382220803C8700216DF6 /* Base */,
			);
			name = Main.storyboard;
			sourceTree = "<group>";
		};
		8D32382920803C8700216DF6 /* LaunchScreen.storyboard */ = {
			isa = PBXVariantGroup;
			children = (
				8D32382A20803C8700216DF6 /* Base */,
			);
			name = LaunchScreen.storyboard;
			sourceTree = "<group>";
		};
/* End PBXVariantGroup section */

/* Begin XCBuildConfiguration section */
		8D32382D20803C8700216DF6 /* Debug */ = {
			isa = XCBuildConfiguration;
			buildSettings = {
				ALWAYS_SEARCH_USER_PATHS = NO;
				CLANG_ANALYZER_NONNULL = YES;
				CLANG_ANALYZER_NUMBER_OBJECT_CONVERSION = YES_AGGRESSIVE;
				CLANG_CXX_LANGUAGE_STANDARD = "gnu++0x";
				CLANG_CXX_LIBRARY = "libc++";
				CLANG_ENABLE_MODULES = YES;
				CLANG_ENABLE_OBJC_ARC = YES;
				CLANG_WARN_BOOL_CONVERSION = YES;
				CLANG_WARN_CONSTANT_CONVERSION = YES;
				CLANG_WARN_DIRECT_OBJC_ISA_USAGE = YES_ERROR;
				CLANG_WARN_DOCUMENTATION_COMMENTS = YES;
				CLANG_WARN_EMPTY_BODY = YES;
				CLANG_WARN_ENUM_CONVERSION = YES;
				CLANG_WARN_INFINITE_RECURSION = YES;
				CLANG_WARN_INT_CONVERSION = YES;
				CLANG_WARN_OBJC_ROOT_CLASS = YES_ERROR;
				CLANG_WARN_SUSPICIOUS_MOVE = YES;
				CLANG_WARN_UNREACHABLE_CODE = YES;
				CLANG_WARN__DUPLICATE_METHOD_MATCH = YES;
				"CODE_SIGN_IDENTITY[sdk=iphoneos*]" = "iPhone Developer";
				COPY_PHASE_STRIP = NO;
				DEBUG_INFORMATION_FORMAT = dwarf;
				ENABLE_STRICT_OBJC_MSGSEND = YES;
				ENABLE_TESTABILITY = YES;
				GCC_C_LANGUAGE_STANDARD = gnu99;
				GCC_DYNAMIC_NO_PIC = NO;
				GCC_NO_COMMON_BLOCKS = YES;
				GCC_OPTIMIZATION_LEVEL = 0;
				GCC_PREPROCESSOR_DEFINITIONS = (
					"DEBUG=1",
					"$(inherited)",
				);
				GCC_WARN_64_TO_32_BIT_CONVERSION = YES;
				GCC_WARN_ABOUT_RETURN_TYPE = YES_ERROR;
				GCC_WARN_UNDECLARED_SELECTOR = YES;
				GCC_WARN_UNINITIALIZED_AUTOS = YES_AGGRESSIVE;
				GCC_WARN_UNUSED_FUNCTION = YES;
				GCC_WARN_UNUSED_VARIABLE = YES;
				IPHONEOS_DEPLOYMENT_TARGET = 10.3;
				MTL_ENABLE_DEBUG_INFO = YES;
				ONLY_ACTIVE_ARCH = YES;
				SDKROOT = iphoneos;
				SWIFT_ACTIVE_COMPILATION_CONDITIONS = DEBUG;
				SWIFT_OPTIMIZATION_LEVEL = "-Onone";
				TARGETED_DEVICE_FAMILY = "1,2";
			};
			name = Debug;
		};
		8D32382E20803C8700216DF6 /* Release */ = {
			isa = XCBuildConfiguration;
			buildSettings = {
				ALWAYS_SEARCH_USER_PATHS = NO;
				CLANG_ANALYZER_NONNULL = YES;
				CLANG_ANALYZER_NUMBER_OBJECT_CONVERSION = YES_AGGRESSIVE;
				CLANG_CXX_LANGUAGE_STANDARD = "gnu++0x";
				CLANG_CXX_LIBRARY = "libc++";
				CLANG_ENABLE_MODULES = YES;
				CLANG_ENABLE_OBJC_ARC = YES;
				CLANG_WARN_BOOL_CONVERSION = YES;
				CLANG_WARN_CONSTANT_CONVERSION = YES;
				CLANG_WARN_DIRECT_OBJC_ISA_USAGE = YES_ERROR;
				CLANG_WARN_DOCUMENTATION_COMMENTS = YES;
				CLANG_WARN_EMPTY_BODY = YES;
				CLANG_WARN_ENUM_CONVERSION = YES;
				CLANG_WARN_INFINITE_RECURSION = YES;
				CLANG_WARN_INT_CONVERSION = YES;
				CLANG_WARN_OBJC_ROOT_CLASS = YES_ERROR;
				CLANG_WARN_SUSPICIOUS_MOVE = YES;
				CLANG_WARN_UNREACHABLE_CODE = YES;
				CLANG_WARN__DUPLICATE_METHOD_MATCH = YES;
				"CODE_SIGN_IDENTITY[sdk=iphoneos*]" = "iPhone Developer";
				COPY_PHASE_STRIP = NO;
				DEBUG_INFORMATION_FORMAT = "dwarf-with-dsym";
				ENABLE_NS_ASSERTIONS = NO;
				ENABLE_STRICT_OBJC_MSGSEND = YES;
				GCC_C_LANGUAGE_STANDARD = gnu99;
				GCC_NO_COMMON_BLOCKS = YES;
				GCC_WARN_64_TO_32_BIT_CONVERSION = YES;
				GCC_WARN_ABOUT_RETURN_TYPE = YES_ERROR;
				GCC_WARN_UNDECLARED_SELECTOR = YES;
				GCC_WARN_UNINITIALIZED_AUTOS = YES_AGGRESSIVE;
				GCC_WARN_UNUSED_FUNCTION = YES;
				GCC_WARN_UNUSED_VARIABLE = YES;
				IPHONEOS_DEPLOYMENT_TARGET = 10.3;
				MTL_ENABLE_DEBUG_INFO = NO;
				SDKROOT = iphoneos;
				SWIFT_OPTIMIZATION_LEVEL = "-Owholemodule";
				TARGETED_DEVICE_FAMILY = "1,2";
				VALIDATE_PRODUCT = YES;
			};
			name = Release;
		};
		8D32383020803C8700216DF6 /* Debug */ = {
			isa = XCBuildConfiguration;
			baseConfigurationReference = 8B15EBA853DF9879B58CDD11 /* Pods-FirebaseBackend.debug.xcconfig */;
			buildSettings = {
				ASSETCATALOG_COMPILER_APPICON_NAME = AppIcon;
				DEVELOPMENT_TEAM = SM3VK3R3P6;
				INFOPLIST_FILE = FirebaseBackend/Info.plist;
				LD_RUNPATH_SEARCH_PATHS = "$(inherited) @executable_path/Frameworks";
				PRODUCT_BUNDLE_IDENTIFIER = com.tarApp.FirebaseBackend;
				PRODUCT_NAME = "$(TARGET_NAME)";
				SWIFT_VERSION = 3.0;
			};
			name = Debug;
		};
		8D32383120803C8700216DF6 /* Release */ = {
			isa = XCBuildConfiguration;
			baseConfigurationReference = BBE1E4C72EB6E5230E47B0D0 /* Pods-FirebaseBackend.release.xcconfig */;
			buildSettings = {
				ASSETCATALOG_COMPILER_APPICON_NAME = AppIcon;
				DEVELOPMENT_TEAM = SM3VK3R3P6;
				INFOPLIST_FILE = FirebaseBackend/Info.plist;
				LD_RUNPATH_SEARCH_PATHS = "$(inherited) @executable_path/Frameworks";
				PRODUCT_BUNDLE_IDENTIFIER = com.tarApp.FirebaseBackend;
				PRODUCT_NAME = "$(TARGET_NAME)";
				SWIFT_VERSION = 3.0;
			};
			name = Release;
		};
/* End XCBuildConfiguration section */

/* Begin XCConfigurationList section */
		8D32381520803C8700216DF6 /* Build configuration list for PBXProject "FirebaseBackend" */ = {
			isa = XCConfigurationList;
			buildConfigurations = (
				8D32382D20803C8700216DF6 /* Debug */,
				8D32382E20803C8700216DF6 /* Release */,
			);
			defaultConfigurationIsVisible = 0;
			defaultConfigurationName = Release;
		};
		8D32382F20803C8700216DF6 /* Build configuration list for PBXNativeTarget "FirebaseBackend" */ = {
			isa = XCConfigurationList;
			buildConfigurations = (
				8D32383020803C8700216DF6 /* Debug */,
				8D32383120803C8700216DF6 /* Release */,
			);
			defaultConfigurationIsVisible = 0;
			defaultConfigurationName = Release;
		};
/* End XCConfigurationList section */

/* Begin XCVersionGroup section */
		8D32382420803C8700216DF6 /* FirebaseBackend.xcdatamodeld */ = {
			isa = XCVersionGroup;
			children = (
				8D32382520803C8700216DF6 /* FirebaseBackend.xcdatamodel */,
			);
			currentVersion = 8D32382520803C8700216DF6 /* FirebaseBackend.xcdatamodel */;
			path = FirebaseBackend.xcdatamodeld;
			sourceTree = "<group>";
			versionGroupType = wrapper.xcdatamodel;
		};
/* End XCVersionGroup section */
	};
	rootObject = 8D32381220803C8700216DF6 /* Project object */;
}
