PODS:
  - Alamofire (4.6.0)

DEPENDENCIES:
  - Alamofire (from `https://github.com/Alamofire/Alamofire.git`)

EXTERNAL SOURCES:
  Alamofire:
    :git: https://github.com/Alamofire/Alamofire.git

CHECKOUT OPTIONS:
  Alamofire:
    :commit: 098a42007eda5d417a41db44fac14abffa55b234
    :git: https://github.com/Alamofire/Alamofire.git

SPEC CHECKSUMS:
  Alamofire: 0dda98a0ed7eec4bdcd5fe3cdd35fcd2b3022825

PODFILE CHECKSUM: 7898add7b5b49168d6401d053f6cffaad0a49bd0

COCOAPODS: 1.4.0
