PODS:
  - Alamofire (4.5.1)

DEPENDENCIES:
  - Alamofire (from `https://github.com/Alamofire/Alamofire.git`, branch `master`)

EXTERNAL SOURCES:
  Alamofire:
    :branch: master
    :git: https://github.com/Alamofire/Alamofire.git

CHECKOUT OPTIONS:
  Alamofire:
    :commit: b8995447518fd57af14c88a47f27434a16f60403
    :git: https://github.com/Alamofire/Alamofire.git

SPEC CHECKSUMS:
  Alamofire: 0224236301daac8c6578172706304b66b48236b5

PODFILE CHECKSUM: 1ae5841500fbd4778200af8aef327d1395f002af

COCOAPODS: 1.2.1
