// !$*UTF8*$!
{
	archiveVersion = 1;
	classes = {
	};
	objectVersion = 46;
	objects = {

/* Begin PBXBuildFile section */
		8DCC62301F5F837700ACBA44 /* AppDelegate.swift in Sources */ = {isa = PBXBuildFile; fileRef = 8DCC622F1F5F837700ACBA44 /* AppDelegate.swift */; };
		8DCC62321F5F837700ACBA44 /* ViewController.swift in Sources */ = {isa = PBXBuildFile; fileRef = 8DCC62311F5F837700ACBA44 /* ViewController.swift */; };
		8DCC62351F5F837700ACBA44 /* Main.storyboard in Resources */ = {isa = PBXBuildFile; fileRef = 8DCC62331F5F837700ACBA44 /* Main.storyboard */; };
		8DCC62371F5F837700ACBA44 /* Assets.xcassets in Resources */ = {isa = PBXBuildFile; fileRef = 8DCC62361F5F837700ACBA44 /* Assets.xcassets */; };
		8DCC623A1F5F837700ACBA44 /* LaunchScreen.storyboard in Resources */ = {isa = PBXBuildFile; fileRef = 8DCC62381F5F837700ACBA44 /* LaunchScreen.storyboard */; };
		8DCC62441F5F84FC00ACBA44 /* GoogleService-Info.plist in Resources */ = {isa = PBXBuildFile; fileRef = 8DCC62431F5F84FC00ACBA44 /* GoogleService-Info.plist */; };
		CCED26C6D46FDAF8E0BC6DF3 /* Pods_pushmynotifs.framework in Frameworks */ = {isa = PBXBuildFile; fileRef = 3C6B4E7D9F82A04387C5EE21 /* Pods_pushmynotifs.framework */; };
/* End PBXBuildFile section */

/* Begin PBXFileReference section */
		3C6B4E7D9F82A04387C5EE21 /* Pods_pushmynotifs.framework */ = {isa = PBXFileReference; explicitFileType = wrapper.framework; includeInIndex = 0; path = Pods_pushmynotifs.framework; sourceTree = BUILT_PRODUCTS_DIR; };
		849B6BA471D9A3E17EE0476C /* Pods-pushmynotifs.debug.xcconfig */ = {isa = PBXFileReference; includeInIndex = 1; lastKnownFileType = text.xcconfig; name = "Pods-pushmynotifs.debug.xcconfig"; path = "Pods/Target Support Files/Pods-pushmynotifs/Pods-pushmynotifs.debug.xcconfig"; sourceTree = "<group>"; };
		8D3B300D1F5F95BB00050D5F /* pushmynotifs.entitlements */ = {isa = PBXFileReference; lastKnownFileType = text.plist.entitlements; path = pushmynotifs.entitlements; sourceTree = "<group>"; };
		8DCC622C1F5F837700ACBA44 /* pushmynotifs.app */ = {isa = PBXFileReference; explicitFileType = wrapper.application; includeInIndex = 0; path = pushmynotifs.app; sourceTree = BUILT_PRODUCTS_DIR; };
		8DCC622F1F5F837700ACBA44 /* AppDelegate.swift */ = {isa = PBXFileReference; lastKnownFileType = sourcecode.swift; path = AppDelegate.swift; sourceTree = "<group>"; };
		8DCC62311F5F837700ACBA44 /* ViewController.swift */ = {isa = PBXFileReference; lastKnownFileType = sourcecode.swift; path = ViewController.swift; sourceTree = "<group>"; };
		8DCC62341F5F837700ACBA44 /* Base */ = {isa = PBXFileReference; lastKnownFileType = file.storyboard; name = Base; path = Base.lproj/Main.storyboard; sourceTree = "<group>"; };
		8DCC62361F5F837700ACBA44 /* Assets.xcassets */ = {isa = PBXFileReference; lastKnownFileType = folder.assetcatalog; path = Assets.xcassets; sourceTree = "<group>"; };
		8DCC62391F5F837700ACBA44 /* Base */ = {isa = PBXFileReference; lastKnownFileType = file.storyboard; name = Base; path = Base.lproj/LaunchScreen.storyboard; sourceTree = "<group>"; };
		8DCC623B1F5F837700ACBA44 /* Info.plist */ = {isa = PBXFileReference; lastKnownFileType = text.plist.xml; path = Info.plist; sourceTree = "<group>"; };
		8DCC62431F5F84FC00ACBA44 /* GoogleService-Info.plist */ = {isa = PBXFileReference; fileEncoding = 4; lastKnownFileType = text.plist.xml; name = "GoogleService-Info.plist"; path = "../../../../../Downloads/GoogleService-Info.plist"; sourceTree = "<group>"; };
		8E5DBEF35878ACEF12CAB0C8 /* Pods-pushmynotifs.release.xcconfig */ = {isa = PBXFileReference; includeInIndex = 1; lastKnownFileType = text.xcconfig; name = "Pods-pushmynotifs.release.xcconfig"; path = "Pods/Target Support Files/Pods-pushmynotifs/Pods-pushmynotifs.release.xcconfig"; sourceTree = "<group>"; };
/* End PBXFileReference section */

/* Begin PBXFrameworksBuildPhase section */
		8DCC62291F5F837700ACBA44 /* Frameworks */ = {
			isa = PBXFrameworksBuildPhase;
			buildActionMask = 2147483647;
			files = (
				CCED26C6D46FDAF8E0BC6DF3 /* Pods_pushmynotifs.framework in Frameworks */,
			);
			runOnlyForDeploymentPostprocessing = 0;
		};
/* End PBXFrameworksBuildPhase section */

/* Begin PBXGroup section */
		8DCC62231F5F837700ACBA44 = {
			isa = PBXGroup;
			children = (
				8DCC622E1F5F837700ACBA44 /* pushmynotifs */,
				8DCC622D1F5F837700ACBA44 /* Products */,
				F1A261702B29522A96C9647F /* Pods */,
				FD1AF88BB953559B530BA9C5 /* Frameworks */,
			);
			sourceTree = "<group>";
		};
		8DCC622D1F5F837700ACBA44 /* Products */ = {
			isa = PBXGroup;
			children = (
				8DCC622C1F5F837700ACBA44 /* pushmynotifs.app */,
			);
			name = Products;
			sourceTree = "<group>";
		};
		8DCC622E1F5F837700ACBA44 /* pushmynotifs */ = {
			isa = PBXGroup;
			children = (
				8D3B300D1F5F95BB00050D5F /* pushmynotifs.entitlements */,
				8DCC62431F5F84FC00ACBA44 /* GoogleService-Info.plist */,
				8DCC622F1F5F837700ACBA44 /* AppDelegate.swift */,
				8DCC62311F5F837700ACBA44 /* ViewController.swift */,
				8DCC62331F5F837700ACBA44 /* Main.storyboard */,
				8DCC62361F5F837700ACBA44 /* Assets.xcassets */,
				8DCC62381F5F837700ACBA44 /* LaunchScreen.storyboard */,
				8DCC623B1F5F837700ACBA44 /* Info.plist */,
			);
			path = pushmynotifs;
			sourceTree = "<group>";
		};
		F1A261702B29522A96C9647F /* Pods */ = {
			isa = PBXGroup;
			children = (
				849B6BA471D9A3E17EE0476C /* Pods-pushmynotifs.debug.xcconfig */,
				8E5DBEF35878ACEF12CAB0C8 /* Pods-pushmynotifs.release.xcconfig */,
			);
			name = Pods;
			sourceTree = "<group>";
		};
		FD1AF88BB953559B530BA9C5 /* Frameworks */ = {
			isa = PBXGroup;
			children = (
				3C6B4E7D9F82A04387C5EE21 /* Pods_pushmynotifs.framework */,
			);
			name = Frameworks;
			sourceTree = "<group>";
		};
/* End PBXGroup section */

/* Begin PBXNativeTarget section */
		8DCC622B1F5F837700ACBA44 /* pushmynotifs */ = {
			isa = PBXNativeTarget;
			buildConfigurationList = 8DCC623E1F5F837700ACBA44 /* Build configuration list for PBXNativeTarget "pushmynotifs" */;
			buildPhases = (
				E3856592EAC3200C8DE6C47E /* [CP] Check Pods Manifest.lock */,
				8DCC62281F5F837700ACBA44 /* Sources */,
				8DCC62291F5F837700ACBA44 /* Frameworks */,
				8DCC622A1F5F837700ACBA44 /* Resources */,
				065C0DEE141E4496C0A7C1B4 /* [CP] Embed Pods Frameworks */,
				3F904060466E6B6A943E46C9 /* [CP] Copy Pods Resources */,
			);
			buildRules = (
			);
			dependencies = (
			);
			name = pushmynotifs;
			productName = pushmynotifs;
			productReference = 8DCC622C1F5F837700ACBA44 /* pushmynotifs.app */;
			productType = "com.apple.product-type.application";
		};
/* End PBXNativeTarget section */

/* Begin PBXProject section */
		8DCC62241F5F837700ACBA44 /* Project object */ = {
			isa = PBXProject;
			attributes = {
				LastSwiftUpdateCheck = 0830;
				LastUpgradeCheck = 0830;
				ORGANIZATIONNAME = VApp;
				TargetAttributes = {
					8DCC622B1F5F837700ACBA44 = {
						CreatedOnToolsVersion = 8.3.3;
						DevelopmentTeam = 92DV7F2938;
						ProvisioningStyle = Automatic;
						SystemCapabilities = {
							com.apple.Push = {
								enabled = 1;
							};
						};
					};
				};
			};
			buildConfigurationList = 8DCC62271F5F837700ACBA44 /* Build configuration list for PBXProject "pushmynotifs" */;
			compatibilityVersion = "Xcode 3.2";
			developmentRegion = English;
			hasScannedForEncodings = 0;
			knownRegions = (
				en,
				Base,
			);
			mainGroup = 8DCC62231F5F837700ACBA44;
			productRefGroup = 8DCC622D1F5F837700ACBA44 /* Products */;
			projectDirPath = "";
			projectRoot = "";
			targets = (
				8DCC622B1F5F837700ACBA44 /* pushmynotifs */,
			);
		};
/* End PBXProject section */

/* Begin PBXResourcesBuildPhase section */
		8DCC622A1F5F837700ACBA44 /* Resources */ = {
			isa = PBXResourcesBuildPhase;
			buildActionMask = 2147483647;
			files = (
				8DCC623A1F5F837700ACBA44 /* LaunchScreen.storyboard in Resources */,
				8DCC62441F5F84FC00ACBA44 /* GoogleService-Info.plist in Resources */,
				8DCC62371F5F837700ACBA44 /* Assets.xcassets in Resources */,
				8DCC62351F5F837700ACBA44 /* Main.storyboard in Resources */,
			);
			runOnlyForDeploymentPostprocessing = 0;
		};
/* End PBXResourcesBuildPhase section */

/* Begin PBXShellScriptBuildPhase section */
		065C0DEE141E4496C0A7C1B4 /* [CP] Embed Pods Frameworks */ = {
			isa = PBXShellScriptBuildPhase;
			buildActionMask = 2147483647;
			files = (
			);
			inputPaths = (
			);
			name = "[CP] Embed Pods Frameworks";
			outputPaths = (
			);
			runOnlyForDeploymentPostprocessing = 0;
			shellPath = /bin/sh;
			shellScript = "\"${SRCROOT}/Pods/Target Support Files/Pods-pushmynotifs/Pods-pushmynotifs-frameworks.sh\"\n";
			showEnvVarsInLog = 0;
		};
		3F904060466E6B6A943E46C9 /* [CP] Copy Pods Resources */ = {
			isa = PBXShellScriptBuildPhase;
			buildActionMask = 2147483647;
			files = (
			);
			inputPaths = (
			);
			name = "[CP] Copy Pods Resources";
			outputPaths = (
			);
			runOnlyForDeploymentPostprocessing = 0;
			shellPath = /bin/sh;
			shellScript = "\"${SRCROOT}/Pods/Target Support Files/Pods-pushmynotifs/Pods-pushmynotifs-resources.sh\"\n";
			showEnvVarsInLog = 0;
		};
		E3856592EAC3200C8DE6C47E /* [CP] Check Pods Manifest.lock */ = {
			isa = PBXShellScriptBuildPhase;
			buildActionMask = 2147483647;
			files = (
			);
			inputPaths = (
			);
			name = "[CP] Check Pods Manifest.lock";
			outputPaths = (
			);
			runOnlyForDeploymentPostprocessing = 0;
			shellPath = /bin/sh;
			shellScript = "diff \"${PODS_PODFILE_DIR_PATH}/Podfile.lock\" \"${PODS_ROOT}/Manifest.lock\" > /dev/null\nif [ $? != 0 ] ; then\n    # print error to STDERR\n    echo \"error: The sandbox is not in sync with the Podfile.lock. Run 'pod install' or update your CocoaPods installation.\" >&2\n    exit 1\nfi\n";
			showEnvVarsInLog = 0;
		};
/* End PBXShellScriptBuildPhase section */

/* Begin PBXSourcesBuildPhase section */
		8DCC62281F5F837700ACBA44 /* Sources */ = {
			isa = PBXSourcesBuildPhase;
			buildActionMask = 2147483647;
			files = (
				8DCC62321F5F837700ACBA44 /* ViewController.swift in Sources */,
				8DCC62301F5F837700ACBA44 /* AppDelegate.swift in Sources */,
			);
			runOnlyForDeploymentPostprocessing = 0;
		};
/* End PBXSourcesBuildPhase section */

/* Begin PBXVariantGroup section */
		8DCC62331F5F837700ACBA44 /* Main.storyboard */ = {
			isa = PBXVariantGroup;
			children = (
				8DCC62341F5F837700ACBA44 /* Base */,
			);
			name = Main.storyboard;
			sourceTree = "<group>";
		};
		8DCC62381F5F837700ACBA44 /* LaunchScreen.storyboard */ = {
			isa = PBXVariantGroup;
			children = (
				8DCC62391F5F837700ACBA44 /* Base */,
			);
			name = LaunchScreen.storyboard;
			sourceTree = "<group>";
		};
/* End PBXVariantGroup section */

/* Begin XCBuildConfiguration section */
		8DCC623C1F5F837700ACBA44 /* Debug */ = {
			isa = XCBuildConfiguration;
			buildSettings = {
				ALWAYS_SEARCH_USER_PATHS = NO;
				CLANG_ANALYZER_NONNULL = YES;
				CLANG_ANALYZER_NUMBER_OBJECT_CONVERSION = YES_AGGRESSIVE;
				CLANG_CXX_LANGUAGE_STANDARD = "gnu++0x";
				CLANG_CXX_LIBRARY = "libc++";
				CLANG_ENABLE_MODULES = YES;
				CLANG_ENABLE_OBJC_ARC = YES;
				CLANG_WARN_BOOL_CONVERSION = YES;
				CLANG_WARN_CONSTANT_CONVERSION = YES;
				CLANG_WARN_DIRECT_OBJC_ISA_USAGE = YES_ERROR;
				CLANG_WARN_DOCUMENTATION_COMMENTS = YES;
				CLANG_WARN_EMPTY_BODY = YES;
				CLANG_WARN_ENUM_CONVERSION = YES;
				CLANG_WARN_INFINITE_RECURSION = YES;
				CLANG_WARN_INT_CONVERSION = YES;
				CLANG_WARN_OBJC_ROOT_CLASS = YES_ERROR;
				CLANG_WARN_SUSPICIOUS_MOVE = YES;
				CLANG_WARN_UNREACHABLE_CODE = YES;
				CLANG_WARN__DUPLICATE_METHOD_MATCH = YES;
				"CODE_SIGN_IDENTITY[sdk=iphoneos*]" = "iPhone Developer";
				COPY_PHASE_STRIP = NO;
				DEBUG_INFORMATION_FORMAT = dwarf;
				ENABLE_STRICT_OBJC_MSGSEND = YES;
				ENABLE_TESTABILITY = YES;
				GCC_C_LANGUAGE_STANDARD = gnu99;
				GCC_DYNAMIC_NO_PIC = NO;
				GCC_NO_COMMON_BLOCKS = YES;
				GCC_OPTIMIZATION_LEVEL = 0;
				GCC_PREPROCESSOR_DEFINITIONS = (
					"DEBUG=1",
					"$(inherited)",
				);
				GCC_WARN_64_TO_32_BIT_CONVERSION = YES;
				GCC_WARN_ABOUT_RETURN_TYPE = YES_ERROR;
				GCC_WARN_UNDECLARED_SELECTOR = YES;
				GCC_WARN_UNINITIALIZED_AUTOS = YES_AGGRESSIVE;
				GCC_WARN_UNUSED_FUNCTION = YES;
				GCC_WARN_UNUSED_VARIABLE = YES;
				IPHONEOS_DEPLOYMENT_TARGET = 10.3;
				MTL_ENABLE_DEBUG_INFO = YES;
				ONLY_ACTIVE_ARCH = YES;
				SDKROOT = iphoneos;
				SWIFT_ACTIVE_COMPILATION_CONDITIONS = DEBUG;
				SWIFT_OPTIMIZATION_LEVEL = "-Onone";
				TARGETED_DEVICE_FAMILY = "1,2";
			};
			name = Debug;
		};
		8DCC623D1F5F837700ACBA44 /* Release */ = {
			isa = XCBuildConfiguration;
			buildSettings = {
				ALWAYS_SEARCH_USER_PATHS = NO;
				CLANG_ANALYZER_NONNULL = YES;
				CLANG_ANALYZER_NUMBER_OBJECT_CONVERSION = YES_AGGRESSIVE;
				CLANG_CXX_LANGUAGE_STANDARD = "gnu++0x";
				CLANG_CXX_LIBRARY = "libc++";
				CLANG_ENABLE_MODULES = YES;
				CLANG_ENABLE_OBJC_ARC = YES;
				CLANG_WARN_BOOL_CONVERSION = YES;
				CLANG_WARN_CONSTANT_CONVERSION = YES;
				CLANG_WARN_DIRECT_OBJC_ISA_USAGE = YES_ERROR;
				CLANG_WARN_DOCUMENTATION_COMMENTS = YES;
				CLANG_WARN_EMPTY_BODY = YES;
				CLANG_WARN_ENUM_CONVERSION = YES;
				CLANG_WARN_INFINITE_RECURSION = YES;
				CLANG_WARN_INT_CONVERSION = YES;
				CLANG_WARN_OBJC_ROOT_CLASS = YES_ERROR;
				CLANG_WARN_SUSPICIOUS_MOVE = YES;
				CLANG_WARN_UNREACHABLE_CODE = YES;
				CLANG_WARN__DUPLICATE_METHOD_MATCH = YES;
				"CODE_SIGN_IDENTITY[sdk=iphoneos*]" = "iPhone Developer";
				COPY_PHASE_STRIP = NO;
				DEBUG_INFORMATION_FORMAT = "dwarf-with-dsym";
				ENABLE_NS_ASSERTIONS = NO;
				ENABLE_STRICT_OBJC_MSGSEND = YES;
				GCC_C_LANGUAGE_STANDARD = gnu99;
				GCC_NO_COMMON_BLOCKS = YES;
				GCC_WARN_64_TO_32_BIT_CONVERSION = YES;
				GCC_WARN_ABOUT_RETURN_TYPE = YES_ERROR;
				GCC_WARN_UNDECLARED_SELECTOR = YES;
				GCC_WARN_UNINITIALIZED_AUTOS = YES_AGGRESSIVE;
				GCC_WARN_UNUSED_FUNCTION = YES;
				GCC_WARN_UNUSED_VARIABLE = YES;
				IPHONEOS_DEPLOYMENT_TARGET = 10.3;
				MTL_ENABLE_DEBUG_INFO = NO;
				SDKROOT = iphoneos;
				SWIFT_OPTIMIZATION_LEVEL = "-Owholemodule";
				TARGETED_DEVICE_FAMILY = "1,2";
				VALIDATE_PRODUCT = YES;
			};
			name = Release;
		};
		8DCC623F1F5F837700ACBA44 /* Debug */ = {
			isa = XCBuildConfiguration;
			baseConfigurationReference = 849B6BA471D9A3E17EE0476C /* Pods-pushmynotifs.debug.xcconfig */;
			buildSettings = {
				ASSETCATALOG_COMPILER_APPICON_NAME = AppIcon;
				CODE_SIGN_ENTITLEMENTS = pushmynotifs/pushmynotifs.entitlements;
				DEVELOPMENT_TEAM = 92DV7F2938;
				INFOPLIST_FILE = pushmynotifs/Info.plist;
				LD_RUNPATH_SEARCH_PATHS = "$(inherited) @executable_path/Frameworks";
				PRODUCT_BUNDLE_IDENTIFIER = com.tarApp.pushmynotifs;
				PRODUCT_NAME = "$(TARGET_NAME)";
				SWIFT_VERSION = 3.0;
			};
			name = Debug;
		};
		8DCC62401F5F837700ACBA44 /* Release */ = {
			isa = XCBuildConfiguration;
			baseConfigurationReference = 8E5DBEF35878ACEF12CAB0C8 /* Pods-pushmynotifs.release.xcconfig */;
			buildSettings = {
				ASSETCATALOG_COMPILER_APPICON_NAME = AppIcon;
				CODE_SIGN_ENTITLEMENTS = pushmynotifs/pushmynotifs.entitlements;
				DEVELOPMENT_TEAM = 92DV7F2938;
				INFOPLIST_FILE = pushmynotifs/Info.plist;
				LD_RUNPATH_SEARCH_PATHS = "$(inherited) @executable_path/Frameworks";
				PRODUCT_BUNDLE_IDENTIFIER = com.tarApp.pushmynotifs;
				PRODUCT_NAME = "$(TARGET_NAME)";
				SWIFT_VERSION = 3.0;
			};
			name = Release;
		};
/* End XCBuildConfiguration section */

/* Begin XCConfigurationList section */
		8DCC62271F5F837700ACBA44 /* Build configuration list for PBXProject "pushmynotifs" */ = {
			isa = XCConfigurationList;
			buildConfigurations = (
				8DCC623C1F5F837700ACBA44 /* Debug */,
				8DCC623D1F5F837700ACBA44 /* Release */,
			);
			defaultConfigurationIsVisible = 0;
			defaultConfigurationName = Release;
		};
		8DCC623E1F5F837700ACBA44 /* Build configuration list for PBXNativeTarget "pushmynotifs" */ = {
			isa = XCConfigurationList;
			buildConfigurations = (
				8DCC623F1F5F837700ACBA44 /* Debug */,
				8DCC62401F5F837700ACBA44 /* Release */,
			);
			defaultConfigurationIsVisible = 0;
			defaultConfigurationName = Release;
		};
/* End XCConfigurationList section */
	};
	rootObject = 8DCC62241F5F837700ACBA44 /* Project object */;
}
